// !$*UTF8*$!
{
	archiveVersion = 1;
	classes = {
	};
	objectVersion = 56;
	objects = {

/* Begin PBXBuildFile section */
		158DD10A2DC0038800484C57 /* AppDelegate.swift in Sources */ = {isa = PBXBuildFile; fileRef = 158DD1092DC0038800484C57 /* AppDelegate.swift */; };
		158DD10C2DC0038800484C57 /* SceneDelegate.swift in Sources */ = {isa = PBXBuildFile; fileRef = 158DD10B2DC0038800484C57 /* SceneDelegate.swift */; };
		158DD10E2DC0038800484C57 /* CalculateViewController.swift in Sources */ = {isa = PBXBuildFile; fileRef = 158DD10D2DC0038800484C57 /* CalculateViewController.swift */; };
		158DD1112DC0038800484C57 /* Main.storyboard in Resources */ = {isa = PBXBuildFile; fileRef = 158DD10F2DC0038800484C57 /* Main.storyboard */; };
		158DD1132DC0038A00484C57 /* Assets.xcassets in Resources */ = {isa = PBXBuildFile; fileRef = 158DD1122DC0038A00484C57 /* Assets.xcassets */; };
		158DD1162DC0038A00484C57 /* LaunchScreen.storyboard in Resources */ = {isa = PBXBuildFile; fileRef = 158DD1142DC0038A00484C57 /* LaunchScreen.storyboard */; };
		1593E1282DC1638D0041DE55 /* ResultViewController.swift in Sources */ = {isa = PBXBuildFile; fileRef = 1593E1272DC1638D0041DE55 /* ResultViewController.swift */; };
		15FD3BE12DC2770F006435D9 /* CalculateBrain.swift in Sources */ = {isa = PBXBuildFile; fileRef = 15FD3BE02DC2770F006435D9 /* CalculateBrain.swift */; };
/* End PBXBuildFile section */

/* Begin PBXFileReference section */
		158DD1062DC0038800484C57 /* HappiPlan.app */ = {isa = PBXFileReference; explicitFileType = wrapper.application; includeInIndex = 0; path = HappiPlan.app; sourceTree = BUILT_PRODUCTS_DIR; };
		158DD1092DC0038800484C57 /* AppDelegate.swift */ = {isa = PBXFileReference; lastKnownFileType = sourcecode.swift; path = AppDelegate.swift; sourceTree = "<group>"; };
		158DD10B2DC0038800484C57 /* SceneDelegate.swift */ = {isa = PBXFileReference; lastKnownFileType = sourcecode.swift; path = SceneDelegate.swift; sourceTree = "<group>"; };
		158DD10D2DC0038800484C57 /* CalculateViewController.swift */ = {isa = PBXFileReference; lastKnownFileType = sourcecode.swift; path = CalculateViewController.swift; sourceTree = "<group>"; };
		158DD1102DC0038800484C57 /* Base */ = {isa = PBXFileReference; lastKnownFileType = file.storyboard; name = Base; path = Base.lproj/Main.storyboard; sourceTree = "<group>"; };
		158DD1122DC0038A00484C57 /* Assets.xcassets */ = {isa = PBXFileReference; lastKnownFileType = folder.assetcatalog; path = Assets.xcassets; sourceTree = "<group>"; };
		158DD1152DC0038A00484C57 /* Base */ = {isa = PBXFileReference; lastKnownFileType = file.storyboard; name = Base; path = Base.lproj/LaunchScreen.storyboard; sourceTree = "<group>"; };
		158DD1172DC0038A00484C57 /* Info.plist */ = {isa = PBXFileReference; lastKnownFileType = text.plist.xml; path = Info.plist; sourceTree = "<group>"; };
		1593E1272DC1638D0041DE55 /* ResultViewController.swift */ = {isa = PBXFileReference; lastKnownFileType = sourcecode.swift; path = ResultViewController.swift; sourceTree = "<group>"; };
		15FD3BE02DC2770F006435D9 /* CalculateBrain.swift */ = {isa = PBXFileReference; lastKnownFileType = sourcecode.swift; path = CalculateBrain.swift; sourceTree = "<group>"; };
/* End PBXFileReference section */

/* Begin PBXFrameworksBuildPhase section */
		158DD1032DC0038800484C57 /* Frameworks */ = {
			isa = PBXFrameworksBuildPhase;
			buildActionMask = 2147483647;
			files = (
			);
			runOnlyForDeploymentPostprocessing = 0;
		};
/* End PBXFrameworksBuildPhase section */

/* Begin PBXGroup section */
		158DD0FD2DC0038800484C57 = {
			isa = PBXGroup;
			children = (
				158DD1082DC0038800484C57 /* HappiPlan */,
				158DD1072DC0038800484C57 /* Products */,
			);
			sourceTree = "<group>";
		};
		158DD1072DC0038800484C57 /* Products */ = {
			isa = PBXGroup;
			children = (
				158DD1062DC0038800484C57 /* HappiPlan.app */,
			);
			name = Products;
			sourceTree = "<group>";
		};
		158DD1082DC0038800484C57 /* HappiPlan */ = {
			isa = PBXGroup;
			children = (
				158DD1092DC0038800484C57 /* AppDelegate.swift */,
				158DD10B2DC0038800484C57 /* SceneDelegate.swift */,
				158DD11F2DC0055800484C57 /* Model */,
				158DD11D2DC0053D00484C57 /* View */,
				158DD11E2DC0054C00484C57 /* Controller */,
				158DD1122DC0038A00484C57 /* Assets.xcassets */,
				158DD1142DC0038A00484C57 /* LaunchScreen.storyboard */,
				158DD1172DC0038A00484C57 /* Info.plist */,
			);
			path = HappiPlan;
			sourceTree = "<group>";
		};
		158DD11D2DC0053D00484C57 /* View */ = {
			isa = PBXGroup;
			children = (
				158DD10F2DC0038800484C57 /* Main.storyboard */,
			);
			path = View;
			sourceTree = "<group>";
		};
		158DD11E2DC0054C00484C57 /* Controller */ = {
			isa = PBXGroup;
			children = (
				158DD10D2DC0038800484C57 /* CalculateViewController.swift */,
				1593E1272DC1638D0041DE55 /* ResultViewController.swift */,
			);
			path = Controller;
			sourceTree = "<group>";
		};
		158DD11F2DC0055800484C57 /* Model */ = {
			isa = PBXGroup;
			children = (
				15FD3BE02DC2770F006435D9 /* CalculateBrain.swift */,
			);
			path = Model;
			sourceTree = "<group>";
		};
/* End PBXGroup section */

/* Begin PBXNativeTarget section */
		158DD1052DC0038800484C57 /* HappiPlan */ = {
			isa = PBXNativeTarget;
			buildConfigurationList = 158DD11A2DC0038A00484C57 /* Build configuration list for PBXNativeTarget "HappiPlan" */;
			buildPhases = (
				158DD1022DC0038800484C57 /* Sources */,
				158DD1032DC0038800484C57 /* Frameworks */,
				158DD1042DC0038800484C57 /* Resources */,
			);
			buildRules = (
			);
			dependencies = (
			);
			name = HappiPlan;
			productName = HappiPlan;
			productReference = 158DD1062DC0038800484C57 /* HappiPlan.app */;
			productType = "com.apple.product-type.application";
		};
/* End PBXNativeTarget section */

/* Begin PBXProject section */
		158DD0FE2DC0038800484C57 /* Project object */ = {
			isa = PBXProject;
			attributes = {
				BuildIndependentTargetsInParallel = 1;
				LastSwiftUpdateCheck = 1420;
				LastUpgradeCheck = 1420;
				TargetAttributes = {
					158DD1052DC0038800484C57 = {
						CreatedOnToolsVersion = 14.2;
					};
				};
			};
			buildConfigurationList = 158DD1012DC0038800484C57 /* Build configuration list for PBXProject "HappiPlan" */;
			compatibilityVersion = "Xcode 14.0";
			developmentRegion = en;
			hasScannedForEncodings = 0;
			knownRegions = (
				en,
				Base,
			);
			mainGroup = 158DD0FD2DC0038800484C57;
			productRefGroup = 158DD1072DC0038800484C57 /* Products */;
			projectDirPath = "";
			projectRoot = "";
			targets = (
				158DD1052DC0038800484C57 /* HappiPlan */,
			);
		};
/* End PBXProject section */

/* Begin PBXResourcesBuildPhase section */
		158DD1042DC0038800484C57 /* Resources */ = {
			isa = PBXResourcesBuildPhase;
			buildActionMask = 2147483647;
			files = (
				158DD1162DC0038A00484C57 /* LaunchScreen.storyboard in Resources */,
				158DD1132DC0038A00484C57 /* Assets.xcassets in Resources */,
				158DD1112DC0038800484C57 /* Main.storyboard in Resources */,
			);
			runOnlyForDeploymentPostprocessing = 0;
		};
/* End PBXResourcesBuildPhase section */

/* Begin PBXSourcesBuildPhase section */
		158DD1022DC0038800484C57 /* Sources */ = {
			isa = PBXSourcesBuildPhase;
			buildActionMask = 2147483647;
			files = (
				158DD10E2DC0038800484C57 /* CalculateViewController.swift in Sources */,
				158DD10A2DC0038800484C57 /* AppDelegate.swift in Sources */,
				158DD10C2DC0038800484C57 /* SceneDelegate.swift in Sources */,
				15FD3BE12DC2770F006435D9 /* CalculateBrain.swift in Sources */,
				1593E1282DC1638D0041DE55 /* ResultViewController.swift in Sources */,
			);
			runOnlyForDeploymentPostprocessing = 0;
		};
/* End PBXSourcesBuildPhase section */

/* Begin PBXVariantGroup section */
		158DD10F2DC0038800484C57 /* Main.storyboard */ = {
			isa = PBXVariantGroup;
			children = (
				158DD1102DC0038800484C57 /* Base */,
			);
			name = Main.storyboard;
			sourceTree = "<group>";
		};
		158DD1142DC0038A00484C57 /* LaunchScreen.storyboard */ = {
			isa = PBXVariantGroup;
			children = (
				158DD1152DC0038A00484C57 /* Base */,
			);
			name = LaunchScreen.storyboard;
			sourceTree = "<group>";
		};
/* End PBXVariantGroup section */

/* Begin XCBuildConfiguration section */
		158DD1182DC0038A00484C57 /* Debug */ = {
			isa = XCBuildConfiguration;
			buildSettings = {
				ALWAYS_SEARCH_USER_PATHS = NO;
				CLANG_ANALYZER_NONNULL = YES;
				CLANG_ANALYZER_NUMBER_OBJECT_CONVERSION = YES_AGGRESSIVE;
				CLANG_CXX_LANGUAGE_STANDARD = "gnu++20";
				CLANG_ENABLE_MODULES = YES;
				CLANG_ENABLE_OBJC_ARC = YES;
				CLANG_ENABLE_OBJC_WEAK = YES;
				CLANG_WARN_BLOCK_CAPTURE_AUTORELEASING = YES;
				CLANG_WARN_BOOL_CONVERSION = YES;
				CLANG_WARN_COMMA = YES;
				CLANG_WARN_CONSTANT_CONVERSION = YES;
				CLANG_WARN_DEPRECATED_OBJC_IMPLEMENTATIONS = YES;
				CLANG_WARN_DIRECT_OBJC_ISA_USAGE = YES_ERROR;
				CLANG_WARN_DOCUMENTATION_COMMENTS = YES;
				CLANG_WARN_EMPTY_BODY = YES;
				CLANG_WARN_ENUM_CONVERSION = YES;
				CLANG_WARN_INFINITE_RECURSION = YES;
				CLANG_WARN_INT_CONVERSION = YES;
				CLANG_WARN_NON_LITERAL_NULL_CONVERSION = YES;
				CLANG_WARN_OBJC_IMPLICIT_RETAIN_SELF = YES;
				CLANG_WARN_OBJC_LITERAL_CONVERSION = YES;
				CLANG_WARN_OBJC_ROOT_CLASS = YES_ERROR;
				CLANG_WARN_QUOTED_INCLUDE_IN_FRAMEWORK_HEADER = YES;
				CLANG_WARN_RANGE_LOOP_ANALYSIS = YES;
				CLANG_WARN_STRICT_PROTOTYPES = YES;
				CLANG_WARN_SUSPICIOUS_MOVE = YES;
				CLANG_WARN_UNGUARDED_AVAILABILITY = YES_AGGRESSIVE;
				CLANG_WARN_UNREACHABLE_CODE = YES;
				CLANG_WARN__DUPLICATE_METHOD_MATCH = YES;
				COPY_PHASE_STRIP = NO;
				DEBUG_INFORMATION_FORMAT = dwarf;
				ENABLE_STRICT_OBJC_MSGSEND = YES;
				ENABLE_TESTABILITY = YES;
				GCC_C_LANGUAGE_STANDARD = gnu11;
				GCC_DYNAMIC_NO_PIC = NO;
				GCC_NO_COMMON_BLOCKS = YES;
				GCC_OPTIMIZATION_LEVEL = 0;
				GCC_PREPROCESSOR_DEFINITIONS = (
					"DEBUG=1",
					"$(inherited)",
				);
				GCC_WARN_64_TO_32_BIT_CONVERSION = YES;
				GCC_WARN_ABOUT_RETURN_TYPE = YES_ERROR;
				GCC_WARN_UNDECLARED_SELECTOR = YES;
				GCC_WARN_UNINITIALIZED_AUTOS = YES_AGGRESSIVE;
				GCC_WARN_UNUSED_FUNCTION = YES;
				GCC_WARN_UNUSED_VARIABLE = YES;
				IPHONEOS_DEPLOYMENT_TARGET = 16.2;
				MTL_ENABLE_DEBUG_INFO = INCLUDE_SOURCE;
				MTL_FAST_MATH = YES;
				ONLY_ACTIVE_ARCH = YES;
				SDKROOT = iphoneos;
				SWIFT_ACTIVE_COMPILATION_CONDITIONS = DEBUG;
				SWIFT_OPTIMIZATION_LEVEL = "-Onone";
			};
			name = Debug;
		};
		158DD1192DC0038A00484C57 /* Release */ = {
			isa = XCBuildConfiguration;
			buildSettings = {
				ALWAYS_SEARCH_USER_PATHS = NO;
				CLANG_ANALYZER_NONNULL = YES;
				CLANG_ANALYZER_NUMBER_OBJECT_CONVERSION = YES_AGGRESSIVE;
				CLANG_CXX_LANGUAGE_STANDARD = "gnu++20";
				CLANG_ENABLE_MODULES = YES;
				CLANG_ENABLE_OBJC_ARC = YES;
				CLANG_ENABLE_OBJC_WEAK = YES;
				CLANG_WARN_BLOCK_CAPTURE_AUTORELEASING = YES;
				CLANG_WARN_BOOL_CONVERSION = YES;
				CLANG_WARN_COMMA = YES;
				CLANG_WARN_CONSTANT_CONVERSION = YES;
				CLANG_WARN_DEPRECATED_OBJC_IMPLEMENTATIONS = YES;
				CLANG_WARN_DIRECT_OBJC_ISA_USAGE = YES_ERROR;
				CLANG_WARN_DOCUMENTATION_COMMENTS = YES;
				CLANG_WARN_EMPTY_BODY = YES;
				CLANG_WARN_ENUM_CONVERSION = YES;
				CLANG_WARN_INFINITE_RECURSION = YES;
				CLANG_WARN_INT_CONVERSION = YES;
				CLANG_WARN_NON_LITERAL_NULL_CONVERSION = YES;
				CLANG_WARN_OBJC_IMPLICIT_RETAIN_SELF = YES;
				CLANG_WARN_OBJC_LITERAL_CONVERSION = YES;
				CLANG_WARN_OBJC_ROOT_CLASS = YES_ERROR;
				CLANG_WARN_QUOTED_INCLUDE_IN_FRAMEWORK_HEADER = YES;
				CLANG_WARN_RANGE_LOOP_ANALYSIS = YES;
				CLANG_WARN_STRICT_PROTOTYPES = YES;
				CLANG_WARN_SUSPICIOUS_MOVE = YES;
				CLANG_WARN_UNGUARDED_AVAILABILITY = YES_AGGRESSIVE;
				CLANG_WARN_UNREACHABLE_CODE = YES;
				CLANG_WARN__DUPLICATE_METHOD_MATCH = YES;
				COPY_PHASE_STRIP = NO;
				DEBUG_INFORMATION_FORMAT = "dwarf-with-dsym";
				ENABLE_NS_ASSERTIONS = NO;
				ENABLE_STRICT_OBJC_MSGSEND = YES;
				GCC_C_LANGUAGE_STANDARD = gnu11;
				GCC_NO_COMMON_BLOCKS = YES;
				GCC_WARN_64_TO_32_BIT_CONVERSION = YES;
				GCC_WARN_ABOUT_RETURN_TYPE = YES_ERROR;
				GCC_WARN_UNDECLARED_SELECTOR = YES;
				GCC_WARN_UNINITIALIZED_AUTOS = YES_AGGRESSIVE;
				GCC_WARN_UNUSED_FUNCTION = YES;
				GCC_WARN_UNUSED_VARIABLE = YES;
				IPHONEOS_DEPLOYMENT_TARGET = 16.2;
				MTL_ENABLE_DEBUG_INFO = NO;
				MTL_FAST_MATH = YES;
				SDKROOT = iphoneos;
				SWIFT_COMPILATION_MODE = wholemodule;
				SWIFT_OPTIMIZATION_LEVEL = "-O";
				VALIDATE_PRODUCT = YES;
			};
			name = Release;
		};
		158DD11B2DC0038A00484C57 /* Debug */ = {
			isa = XCBuildConfiguration;
			buildSettings = {
				ASSETCATALOG_COMPILER_APPICON_NAME = AppIcon;
				ASSETCATALOG_COMPILER_GLOBAL_ACCENT_COLOR_NAME = AccentColor;
				CODE_SIGN_STYLE = Automatic;
				CURRENT_PROJECT_VERSION = 1;
				DEVELOPMENT_TEAM = R3QSHVADX3;
				GENERATE_INFOPLIST_FILE = YES;
				INFOPLIST_FILE = HappiPlan/Info.plist;
				INFOPLIST_KEY_UIApplicationSupportsIndirectInputEvents = YES;
				INFOPLIST_KEY_UILaunchStoryboardName = LaunchScreen;
				INFOPLIST_KEY_UIMainStoryboardFile = Main;
				INFOPLIST_KEY_UISupportedInterfaceOrientations = UIInterfaceOrientationPortrait;
				INFOPLIST_KEY_UISupportedInterfaceOrientations_iPad = "UIInterfaceOrientationLandscapeLeft UIInterfaceOrientationLandscapeRight UIInterfaceOrientationPortrait UIInterfaceOrientationPortraitUpsideDown";
				LD_RUNPATH_SEARCH_PATHS = (
					"$(inherited)",
					"@executable_path/Frameworks",
				);
				MARKETING_VERSION = 1.0;
				PRODUCT_BUNDLE_IDENTIFIER = br.com.marcelocampos.HappiPlan;
				PRODUCT_NAME = "$(TARGET_NAME)";
				SUPPORTED_PLATFORMS = "iphoneos iphonesimulator";
				SUPPORTS_MACCATALYST = NO;
				SUPPORTS_MAC_DESIGNED_FOR_IPHONE_IPAD = NO;
				SWIFT_EMIT_LOC_STRINGS = YES;
				SWIFT_VERSION = 5.0;
				TARGETED_DEVICE_FAMILY = 1;
			};
			name = Debug;
		};
		158DD11C2DC0038A00484C57 /* Release */ = {
			isa = XCBuildConfiguration;
			buildSettings = {
				ASSETCATALOG_COMPILER_APPICON_NAME = AppIcon;
				ASSETCATALOG_COMPILER_GLOBAL_ACCENT_COLOR_NAME = AccentColor;
				CODE_SIGN_STYLE = Automatic;
				CURRENT_PROJECT_VERSION = 1;
				DEVELOPMENT_TEAM = R3QSHVADX3;
				GENERATE_INFOPLIST_FILE = YES;
				INFOPLIST_FILE = HappiPlan/Info.plist;
				INFOPLIST_KEY_UIApplicationSupportsIndirectInputEvents = YES;
				INFOPLIST_KEY_UILaunchStoryboardName = LaunchScreen;
				INFOPLIST_KEY_UIMainStoryboardFile = Main;
				INFOPLIST_KEY_UISupportedInterfaceOrientations = UIInterfaceOrientationPortrait;
				INFOPLIST_KEY_UISupportedInterfaceOrientations_iPad = "UIInterfaceOrientationLandscapeLeft UIInterfaceOrientationLandscapeRight UIInterfaceOrientationPortrait UIInterfaceOrientationPortraitUpsideDown";
				LD_RUNPATH_SEARCH_PATHS = (
					"$(inherited)",
					"@executable_path/Frameworks",
				);
				MARKETING_VERSION = 1.0;
				PRODUCT_BUNDLE_IDENTIFIER = br.com.marcelocampos.HappiPlan;
				PRODUCT_NAME = "$(TARGET_NAME)";
				SUPPORTED_PLATFORMS = "iphoneos iphonesimulator";
				SUPPORTS_MACCATALYST = NO;
				SUPPORTS_MAC_DESIGNED_FOR_IPHONE_IPAD = NO;
				SWIFT_EMIT_LOC_STRINGS = YES;
				SWIFT_VERSION = 5.0;
				TARGETED_DEVICE_FAMILY = 1;
			};
			name = Release;
		};
/* End XCBuildConfiguration section */

/* Begin XCConfigurationList section */
		158DD1012DC0038800484C57 /* Build configuration list for PBXProject "HappiPlan" */ = {
			isa = XCConfigurationList;
			buildConfigurations = (
				158DD1182DC0038A00484C57 /* Debug */,
				158DD1192DC0038A00484C57 /* Release */,
			);
			defaultConfigurationIsVisible = 0;
			defaultConfigurationName = Release;
		};
		158DD11A2DC0038A00484C57 /* Build configuration list for PBXNativeTarget "HappiPlan" */ = {
			isa = XCConfigurationList;
			buildConfigurations = (
				158DD11B2DC0038A00484C57 /* Debug */,
				158DD11C2DC0038A00484C57 /* Release */,
			);
			defaultConfigurationIsVisible = 0;
			defaultConfigurationName = Release;
		};
/* End XCConfigurationList section */
	};
	rootObject = 158DD0FE2DC0038800484C57 /* Project object */;
}
